
Microsoft Visual Studio Solution File, Format Version 12.00
# Visual Studio Version 17
VisualStudioVersion = 17.14.36203.30 d17.14
MinimumVisualStudioVersion = 10.0.40219.1
Project("{FAE04EC0-301F-11D3-BF4B-00C04F79EFBC}") = "aspnetcore-person-api", "aspnetcore-person-api.csproj", "{E4845699-562B-FAB8-3F3A-FEFF6E337FCD}"
EndProject
Global
	GlobalSection(SolutionConfigurationPlatforms) = preSolution
		Debug|Any CPU = Debug|Any CPU
		Release|Any CPU = Release|Any CPU
	EndGlobalSection
	GlobalSection(ProjectConfigurationPlatforms) = postSolution
		{E4845699-562B-FAB8-3F3A-FEFF6E337FCD}.Debug|Any CPU.ActiveCfg = Debug|Any CPU
		{E4845699-562B-FAB8-3F3A-FEFF6E337FCD}.Debug|Any CPU.Build.0 = Debug|Any CPU
		{E4845699-562B-FAB8-3F3A-FEFF6E337FCD}.Release|Any CPU.ActiveCfg = Release|Any CPU
		{E4845699-562B-FAB8-3F3A-FEFF6E337FCD}.Release|Any CPU.Build.0 = Release|Any CPU
	EndGlobalSection
	GlobalSection(SolutionProperties) = preSolution
		HideSolutionNode = FALSE
	EndGlobalSection
	GlobalSection(ExtensibilityGlobals) = postSolution
		SolutionGuid = {72BD35C1-8126-4D20-8A43-39F7DA254618}
	EndGlobalSection
EndGlobal
